
Microsoft Visual Studio Solution File, Format Version 12.00
# Visual Studio Version 17
VisualStudioVersion = 17.5.002.0
MinimumVisualStudioVersion = 10.0.40219.1
Project("{9A19103F-16F7-4668-BE54-9A1E7A4F7556}") = "API", "API\API.csproj", "{69B7012A-FF85-4986-BD24-62EC07BE28DB}"
EndProject
Global
	GlobalSection(SolutionConfigurationPlatforms) = preSolution
		Debug|Any CPU = Debug|Any CPU
		Release|Any CPU = Release|Any CPU
	EndGlobalSection
	GlobalSection(ProjectConfigurationPlatforms) = postSolution
		{69B7012A-FF85-4986-BD24-62EC07BE28DB}.Debug|Any CPU.ActiveCfg = Debug|Any CPU
		{69B7012A-FF85-4986-BD24-62EC07BE28DB}.Debug|Any CPU.Build.0 = Debug|Any CPU
		{69B7012A-FF85-4986-BD24-62EC07BE28DB}.Release|Any CPU.ActiveCfg = Release|Any CPU
		{69B7012A-FF85-4986-BD24-62EC07BE28DB}.Release|Any CPU.Build.0 = Release|Any CPU
	EndGlobalSection
	GlobalSection(SolutionProperties) = preSolution
		HideSolutionNode = FALSE
	EndGlobalSection
	GlobalSection(ExtensibilityGlobals) = postSolution
		SolutionGuid = {27B9960D-6F5D-40EC-8DF5-F6ABAD5F43DB}
	EndGlobalSection
EndGlobal
